{
  "name": "social-vertex-es4x",
  "version": "1.0.0",
  "lockfileVersion": 1,
  "requires": true,
  "dependencies": {
    "@vertx/auth-common": {
      "version": "3.7.1",
      "resolved": "https://registry.npmjs.org/@vertx/auth-common/-/auth-common-3.7.1.tgz",
      "integrity": "sha512-bLqFdRhNncJUNinLfRIdsBBorabwzOErFJIY8sSVRCo/d8sp0ijBFjiMRF66AQ7pImFhAyyipKDvwYB2RBm/Rw==",
      "requires": {
        "@vertx/core": "3.7.1"
      }
    },
    "@vertx/bridge-common": {
      "version": "3.7.1",
      "resolved": "https://registry.npmjs.org/@vertx/bridge-common/-/bridge-common-3.7.1.tgz",
      "integrity": "sha512-/98S4DDnSTbpWhHzP/jnDiHpSf/VGXxpaW5H2YIP7YkI7KfYztXRSgz+hzaH6lWqI7HeLAJy6XDyW9aYQuzPpg==",
      "requires": {
        "@vertx/core": "3.7.1"
      }
    },
    "@vertx/core": {
      "version": "3.7.1",
      "resolved": "https://registry.npmjs.org/@vertx/core/-/core-3.7.1.tgz",
      "integrity": "sha512-LjbaPlIEeoglqhXUPuu7bDWVz6Jjs5liUPdww3XncZzl1QDciKmRE4WgNm/pwW2Y8qo4DQWlsqcaNh2TIg/i8A=="
    },
    "@vertx/unit": {
      "version": "3.7.1",
      "resolved": "https://registry.npmjs.org/@vertx/unit/-/unit-3.7.1.tgz",
      "integrity": "sha512-RxcM0cA8ISc9wPf1pZcd55tDmM21KLD1yfRpknqG7wBVo1iGRDs4ZzFDvxE1KWG0GmZEc/xGsHmLDhbK+hUHHg==",
      "dev": true,
      "requires": {
        "@vertx/core": "3.7.1"
      }
    },
    "@vertx/web": {
      "version": "3.7.1",
      "resolved": "https://registry.npmjs.org/@vertx/web/-/web-3.7.1.tgz",
      "integrity": "sha512-3R2odexaTxrCE7WJIc4sqNL2RJ0uMZ7hnPAa322Kc1bGKtsNQt7hW/eaWAJ3NCCYxHaCBAFcVGOSgYDE+C7jzQ==",
      "requires": {
        "@vertx/auth-common": "3.7.1",
        "@vertx/bridge-common": "3.7.1",
        "@vertx/core": "3.7.1",
        "@vertx/web-common": "3.7.1"
      }
    },
    "@vertx/web-client": {
      "version": "3.7.1",
      "resolved": "https://registry.npmjs.org/@vertx/web-client/-/web-client-3.7.1.tgz",
      "integrity": "sha512-gpui0sC2yzARjV9krO1ISCs48g6/CDXOL1eQeUyxMaOXXeoA3f3JS2azN5N++UAi+oxuZt1yGghsq770Q/H+Xw==",
      "requires": {
        "@vertx/core": "3.7.1",
        "@vertx/web-common": "3.7.1"
      }
    },
    "@vertx/web-common": {
      "version": "3.7.1",
      "resolved": "https://registry.npmjs.org/@vertx/web-common/-/web-common-3.7.1.tgz",
      "integrity": "sha512-33vIJKC4+Rzg41o1O8R/4bLYw7weCbOVEAtRH1oBHQhOjzEalU9NbnpWpQC1zcVZxoXWq6vKexvmcZ9iR44+VQ==",
      "requires": {
        "@vertx/core": "3.7.1"
      }
    }
  }
}
